<?xml version="1.0" encoding="UTF-8"?>
<Scheme
   version = "1.3">
   <BuildAction>
      <BuildActionEntries>
         <BuildActionEntry
            buildForRunning = "YES">
            <BuildableReference
               BuildableIdentifier = "primary"
               BlueprintIdentifier = "4B5DEA2FADED46A20D7E3F6A"
               BuildableName = "nullify_col_row"
               BlueprintName = "nullify_col_row"
               ReferencedContainer = "container:nullify_col_row.xcodeproj">
            </BuildableReference>
         </BuildActionEntry>
      </BuildActionEntries>
   </BuildAction>
   <LaunchAction
      useCustomWorkingDirectory = "NO"
      buildConfiguration = "Debug">
      <BuildableProductRunnable>
         <BuildableReference
            BuildableIdentifier = "primary"
            BlueprintIdentifier = "4B5DEA2FADED46A20D7E3F6A"
            BuildableName = "nullify_col_row"
            BlueprintName = "nullify_col_row"
            ReferencedContainer = "container:nullify_col_row.xcodeproj">
         </BuildableReference>
      </BuildableProductRunnable>
   </LaunchAction>
</Scheme>
