<?xml version="1.0" encoding="UTF-8"?>
<Scheme
   version = "1.3">
   <BuildAction>
      <BuildActionEntries>
         <BuildActionEntry
            buildForRunning = "YES">
            <BuildableReference
               BuildableIdentifier = "primary"
               BlueprintIdentifier = "4B5DECEA5CF09AE549987B5B"
               BuildableName = "rm_dup_linked_list"
               BlueprintName = "rm_dup_linked_list"
               ReferencedContainer = "container:rm_dup_linked_list.xcodeproj">
            </BuildableReference>
         </BuildActionEntry>
      </BuildActionEntries>
   </BuildAction>
   <LaunchAction
      useCustomWorkingDirectory = "NO"
      buildConfiguration = "Debug">
      <BuildableProductRunnable>
         <BuildableReference
            BuildableIdentifier = "primary"
            BlueprintIdentifier = "4B5DECEA5CF09AE549987B5B"
            BuildableName = "rm_dup_linked_list"
            BlueprintName = "rm_dup_linked_list"
            ReferencedContainer = "container:rm_dup_linked_list.xcodeproj">
         </BuildableReference>
      </BuildableProductRunnable>
   </LaunchAction>
</Scheme>
