<?xml version="1.0" encoding="UTF-8"?>
<Scheme
   version = "1.3">
   <BuildAction>
      <BuildActionEntries>
         <BuildActionEntry
            buildForRunning = "YES">
            <BuildableReference
               BuildableIdentifier = "primary"
               BlueprintIdentifier = "4B5DEABEA91A8C517B316432"
               BuildableName = "set_of_stacks"
               BlueprintName = "set_of_stacks"
               ReferencedContainer = "container:set_of_stacks.xcodeproj">
            </BuildableReference>
         </BuildActionEntry>
      </BuildActionEntries>
   </BuildAction>
   <LaunchAction
      useCustomWorkingDirectory = "NO"
      buildConfiguration = "Debug">
      <BuildableProductRunnable>
         <BuildableReference
            BuildableIdentifier = "primary"
            BlueprintIdentifier = "4B5DEABEA91A8C517B316432"
            BuildableName = "set_of_stacks"
            BlueprintName = "set_of_stacks"
            ReferencedContainer = "container:set_of_stacks.xcodeproj">
         </BuildableReference>
      </BuildableProductRunnable>
   </LaunchAction>
</Scheme>
